// !$*UTF8*$!
{
	archiveVersion = 1;
	classes = {
	};
	objectVersion = 46;
	objects = {

/* Begin PBXBuildFile section */
		154326131D969769004E9D9C /* CommentTableViewCell.swift in Sources */ = {isa = PBXBuildFile; fileRef = 154326121D969769004E9D9C /* CommentTableViewCell.swift */; };
		15EF1A481D96BC3600442FB0 /* SlideRightTransitionAnimator.swift in Sources */ = {isa = PBXBuildFile; fileRef = 15EF1A471D96BC3600442FB0 /* SlideRightTransitionAnimator.swift */; };
		15F414501D96DE2A00FE1883 /* DiscoverTableViewCell.swift in Sources */ = {isa = PBXBuildFile; fileRef = 15F4144F1D96DE2A00FE1883 /* DiscoverTableViewCell.swift */; };
		15F414521D96DFE300FE1883 /* DiscoverViewController.swift in Sources */ = {isa = PBXBuildFile; fileRef = 15F414511D96DFE300FE1883 /* DiscoverViewController.swift */; };
		15F414561D97EE0D00FE1883 /* UIColorExtension.swift in Sources */ = {isa = PBXBuildFile; fileRef = 15F414541D97EE0D00FE1883 /* UIColorExtension.swift */; };
		15F414591D97EE9000FE1883 /* DateExtension.swift in Sources */ = {isa = PBXBuildFile; fileRef = 15F414581D97EE9000FE1883 /* DateExtension.swift */; };
		15F4145B1D9829A600FE1883 /* SignupEmailViewController.swift in Sources */ = {isa = PBXBuildFile; fileRef = 15F4145A1D9829A600FE1883 /* SignupEmailViewController.swift */; };
		15F4145E1D982B9100FE1883 /* SignupPasswordViewController.swift in Sources */ = {isa = PBXBuildFile; fileRef = 15F4145D1D982B9100FE1883 /* SignupPasswordViewController.swift */; };
		15F414601D982CAF00FE1883 /* SignupProfileViewController.swift in Sources */ = {isa = PBXBuildFile; fileRef = 15F4145F1D982CAF00FE1883 /* SignupProfileViewController.swift */; };
		15F414621D982FE800FE1883 /* LoginEmailViewController.swift in Sources */ = {isa = PBXBuildFile; fileRef = 15F414611D982FE800FE1883 /* LoginEmailViewController.swift */; };
		15F414651D98300B00FE1883 /* LoginPasswordViewController.swift in Sources */ = {isa = PBXBuildFile; fileRef = 15F414641D98300B00FE1883 /* LoginPasswordViewController.swift */; };
		180191171D94662E00188FFC /* AppDelegate.swift in Sources */ = {isa = PBXBuildFile; fileRef = 180191161D94662E00188FFC /* AppDelegate.swift */; };
		1801911C1D94662E00188FFC /* Main.storyboard in Resources */ = {isa = PBXBuildFile; fileRef = 1801911A1D94662E00188FFC /* Main.storyboard */; };
		1801911E1D94662E00188FFC /* Assets.xcassets in Resources */ = {isa = PBXBuildFile; fileRef = 1801911D1D94662E00188FFC /* Assets.xcassets */; };
		180191211D94662E00188FFC /* LaunchScreen.storyboard in Resources */ = {isa = PBXBuildFile; fileRef = 1801911F1D94662E00188FFC /* LaunchScreen.storyboard */; };
		180191291D9466EC00188FFC /* HomeViewController.swift in Sources */ = {isa = PBXBuildFile; fileRef = 180191281D9466EC00188FFC /* HomeViewController.swift */; };
		1801912B1D94672000188FFC /* Interest.swift in Sources */ = {isa = PBXBuildFile; fileRef = 1801912A1D94672000188FFC /* Interest.swift */; };
		1801912E1D94680200188FFC /* InterestCollectionViewCell.swift in Sources */ = {isa = PBXBuildFile; fileRef = 1801912D1D94680200188FFC /* InterestCollectionViewCell.swift */; };
		180191311D94694100188FFC /* InterestViewController.swift in Sources */ = {isa = PBXBuildFile; fileRef = 180191301D94694100188FFC /* InterestViewController.swift */; };
		180191331D94697000188FFC /* InterestHeaderView.swift in Sources */ = {isa = PBXBuildFile; fileRef = 180191321D94697000188FFC /* InterestHeaderView.swift */; };
		180191361D95A08800188FFC /* User.swift in Sources */ = {isa = PBXBuildFile; fileRef = 180191351D95A08800188FFC /* User.swift */; };
		180191381D95A09E00188FFC /* Post.swift in Sources */ = {isa = PBXBuildFile; fileRef = 180191371D95A09E00188FFC /* Post.swift */; };
		1801913A1D95A19D00188FFC /* PostTableViewCell.swift in Sources */ = {isa = PBXBuildFile; fileRef = 180191391D95A19D00188FFC /* PostTableViewCell.swift */; };
		18B5566A1D95B5E000879E93 /* NewPostViewController.swift in Sources */ = {isa = PBXBuildFile; fileRef = 18B556691D95B5E000879E93 /* NewPostViewController.swift */; };
		18B5566C1D9679CF00879E93 /* Comment.swift in Sources */ = {isa = PBXBuildFile; fileRef = 18B5566B1D9679CF00879E93 /* Comment.swift */; };
		18B5566E1D967A1800879E93 /* CommentsViewController.swift in Sources */ = {isa = PBXBuildFile; fileRef = 18B5566D1D967A1800879E93 /* CommentsViewController.swift */; };
		18B556711D96A2E300879E93 /* NewCommentViewController.swift in Sources */ = {isa = PBXBuildFile; fileRef = 18B556701D96A2E300879E93 /* NewCommentViewController.swift */; };
		18B556731D96A72300879E93 /* NewInterestViewController.swift in Sources */ = {isa = PBXBuildFile; fileRef = 18B556721D96A72300879E93 /* NewInterestViewController.swift */; };
		18B556751D96C72200879E93 /* PopTransitionAnimator.swift in Sources */ = {isa = PBXBuildFile; fileRef = 18B556741D96C72200879E93 /* PopTransitionAnimator.swift */; };
		18B556771D96CA9C00879E93 /* SlideRightThenPopTransitionAnimator.swift in Sources */ = {isa = PBXBuildFile; fileRef = 18B556761D96CA9C00879E93 /* SlideRightThenPopTransitionAnimator.swift */; };
		18B556791D96D17800879E93 /* CardView.swift in Sources */ = {isa = PBXBuildFile; fileRef = 18B556781D96D17800879E93 /* CardView.swift */; };
		18B5567C1D96D37800879E93 /* InterestButton.swift in Sources */ = {isa = PBXBuildFile; fileRef = 18B5567B1D96D37800879E93 /* InterestButton.swift */; };
		18B5567E1D97081200879E93 /* TestObject.swift in Sources */ = {isa = PBXBuildFile; fileRef = 18B5567D1D97081200879E93 /* TestObject.swift */; };
		18B556801D97B72C00879E93 /* Global.swift in Sources */ = {isa = PBXBuildFile; fileRef = 18B5567F1D97B72C00879E93 /* Global.swift */; };
		65BCE015EDEED125141979AB /* Pods_Taggs.framework in Frameworks */ = {isa = PBXBuildFile; fileRef = E8D728FC63936D539E16ED66 /* Pods_Taggs.framework */; };
/* End PBXBuildFile section */

/* Begin PBXFileReference section */
		154326121D969769004E9D9C /* CommentTableViewCell.swift */ = {isa = PBXFileReference; fileEncoding = 4; lastKnownFileType = sourcecode.swift; path = CommentTableViewCell.swift; sourceTree = "<group>"; };
		15EF1A471D96BC3600442FB0 /* SlideRightTransitionAnimator.swift */ = {isa = PBXFileReference; fileEncoding = 4; lastKnownFileType = sourcecode.swift; path = SlideRightTransitionAnimator.swift; sourceTree = "<group>"; };
		15F4144F1D96DE2A00FE1883 /* DiscoverTableViewCell.swift */ = {isa = PBXFileReference; fileEncoding = 4; lastKnownFileType = sourcecode.swift; path = DiscoverTableViewCell.swift; sourceTree = "<group>"; };
		15F414511D96DFE300FE1883 /* DiscoverViewController.swift */ = {isa = PBXFileReference; fileEncoding = 4; lastKnownFileType = sourcecode.swift; path = DiscoverViewController.swift; sourceTree = "<group>"; };
		15F414541D97EE0D00FE1883 /* UIColorExtension.swift */ = {isa = PBXFileReference; fileEncoding = 4; lastKnownFileType = sourcecode.swift; path = UIColorExtension.swift; sourceTree = "<group>"; };
		15F414581D97EE9000FE1883 /* DateExtension.swift */ = {isa = PBXFileReference; fileEncoding = 4; lastKnownFileType = sourcecode.swift; path = DateExtension.swift; sourceTree = "<group>"; };
		15F4145A1D9829A600FE1883 /* SignupEmailViewController.swift */ = {isa = PBXFileReference; fileEncoding = 4; lastKnownFileType = sourcecode.swift; path = SignupEmailViewController.swift; sourceTree = "<group>"; };
		15F4145D1D982B9100FE1883 /* SignupPasswordViewController.swift */ = {isa = PBXFileReference; fileEncoding = 4; lastKnownFileType = sourcecode.swift; path = SignupPasswordViewController.swift; sourceTree = "<group>"; };
		15F4145F1D982CAF00FE1883 /* SignupProfileViewController.swift */ = {isa = PBXFileReference; fileEncoding = 4; lastKnownFileType = sourcecode.swift; path = SignupProfileViewController.swift; sourceTree = "<group>"; };
		15F414611D982FE800FE1883 /* LoginEmailViewController.swift */ = {isa = PBXFileReference; fileEncoding = 4; lastKnownFileType = sourcecode.swift; path = LoginEmailViewController.swift; sourceTree = "<group>"; };
		15F414641D98300B00FE1883 /* LoginPasswordViewController.swift */ = {isa = PBXFileReference; fileEncoding = 4; lastKnownFileType = sourcecode.swift; path = LoginPasswordViewController.swift; sourceTree = "<group>"; };
		180191131D94662E00188FFC /* Taggs.app */ = {isa = PBXFileReference; explicitFileType = wrapper.application; includeInIndex = 0; path = Taggs.app; sourceTree = BUILT_PRODUCTS_DIR; };
		180191161D94662E00188FFC /* AppDelegate.swift */ = {isa = PBXFileReference; lastKnownFileType = sourcecode.swift; path = AppDelegate.swift; sourceTree = "<group>"; };
		1801911B1D94662E00188FFC /* Base */ = {isa = PBXFileReference; lastKnownFileType = file.storyboard; name = Base; path = Base.lproj/Main.storyboard; sourceTree = "<group>"; };
		1801911D1D94662E00188FFC /* Assets.xcassets */ = {isa = PBXFileReference; lastKnownFileType = folder.assetcatalog; path = Assets.xcassets; sourceTree = "<group>"; };
		180191201D94662E00188FFC /* Base */ = {isa = PBXFileReference; lastKnownFileType = file.storyboard; name = Base; path = Base.lproj/LaunchScreen.storyboard; sourceTree = "<group>"; };
		180191221D94662E00188FFC /* Info.plist */ = {isa = PBXFileReference; lastKnownFileType = text.plist.xml; path = Info.plist; sourceTree = "<group>"; };
		180191281D9466EC00188FFC /* HomeViewController.swift */ = {isa = PBXFileReference; fileEncoding = 4; lastKnownFileType = sourcecode.swift; path = HomeViewController.swift; sourceTree = "<group>"; };
		1801912A1D94672000188FFC /* Interest.swift */ = {isa = PBXFileReference; fileEncoding = 4; lastKnownFileType = sourcecode.swift; path = Interest.swift; sourceTree = "<group>"; };
		1801912D1D94680200188FFC /* InterestCollectionViewCell.swift */ = {isa = PBXFileReference; fileEncoding = 4; lastKnownFileType = sourcecode.swift; path = InterestCollectionViewCell.swift; sourceTree = "<group>"; };
		180191301D94694100188FFC /* InterestViewController.swift */ = {isa = PBXFileReference; fileEncoding = 4; lastKnownFileType = sourcecode.swift; path = InterestViewController.swift; sourceTree = "<group>"; };
		180191321D94697000188FFC /* InterestHeaderView.swift */ = {isa = PBXFileReference; fileEncoding = 4; lastKnownFileType = sourcecode.swift; path = InterestHeaderView.swift; sourceTree = "<group>"; };
		180191351D95A08800188FFC /* User.swift */ = {isa = PBXFileReference; fileEncoding = 4; lastKnownFileType = sourcecode.swift; path = User.swift; sourceTree = "<group>"; };
		180191371D95A09E00188FFC /* Post.swift */ = {isa = PBXFileReference; fileEncoding = 4; lastKnownFileType = sourcecode.swift; path = Post.swift; sourceTree = "<group>"; };
		180191391D95A19D00188FFC /* PostTableViewCell.swift */ = {isa = PBXFileReference; fileEncoding = 4; lastKnownFileType = sourcecode.swift; path = PostTableViewCell.swift; sourceTree = "<group>"; };
		18B556691D95B5E000879E93 /* NewPostViewController.swift */ = {isa = PBXFileReference; fileEncoding = 4; lastKnownFileType = sourcecode.swift; path = NewPostViewController.swift; sourceTree = "<group>"; };
		18B5566B1D9679CF00879E93 /* Comment.swift */ = {isa = PBXFileReference; fileEncoding = 4; lastKnownFileType = sourcecode.swift; path = Comment.swift; sourceTree = "<group>"; };
		18B5566D1D967A1800879E93 /* CommentsViewController.swift */ = {isa = PBXFileReference; fileEncoding = 4; lastKnownFileType = sourcecode.swift; path = CommentsViewController.swift; sourceTree = "<group>"; };
		18B556701D96A2E300879E93 /* NewCommentViewController.swift */ = {isa = PBXFileReference; fileEncoding = 4; lastKnownFileType = sourcecode.swift; path = NewCommentViewController.swift; sourceTree = "<group>"; };
		18B556721D96A72300879E93 /* NewInterestViewController.swift */ = {isa = PBXFileReference; fileEncoding = 4; lastKnownFileType = sourcecode.swift; path = NewInterestViewController.swift; sourceTree = "<group>"; };
		18B556741D96C72200879E93 /* PopTransitionAnimator.swift */ = {isa = PBXFileReference; fileEncoding = 4; lastKnownFileType = sourcecode.swift; path = PopTransitionAnimator.swift; sourceTree = "<group>"; };
		18B556761D96CA9C00879E93 /* SlideRightThenPopTransitionAnimator.swift */ = {isa = PBXFileReference; fileEncoding = 4; lastKnownFileType = sourcecode.swift; path = SlideRightThenPopTransitionAnimator.swift; sourceTree = "<group>"; };
		18B556781D96D17800879E93 /* CardView.swift */ = {isa = PBXFileReference; fileEncoding = 4; lastKnownFileType = sourcecode.swift; path = CardView.swift; sourceTree = "<group>"; };
		18B5567B1D96D37800879E93 /* InterestButton.swift */ = {isa = PBXFileReference; fileEncoding = 4; lastKnownFileType = sourcecode.swift; path = InterestButton.swift; sourceTree = "<group>"; };
		18B5567D1D97081200879E93 /* TestObject.swift */ = {isa = PBXFileReference; fileEncoding = 4; lastKnownFileType = sourcecode.swift; path = TestObject.swift; sourceTree = "<group>"; };
		18B5567F1D97B72C00879E93 /* Global.swift */ = {isa = PBXFileReference; fileEncoding = 4; lastKnownFileType = sourcecode.swift; path = Global.swift; sourceTree = "<group>"; };
		59D76C75AC31268F86E3CCFD /* Pods-Taggs.release.xcconfig */ = {isa = PBXFileReference; includeInIndex = 1; lastKnownFileType = text.xcconfig; name = "Pods-Taggs.release.xcconfig"; path = "Pods/Target Support Files/Pods-Taggs/Pods-Taggs.release.xcconfig"; sourceTree = "<group>"; };
		9D269809F91F7C9B9B57C10D /* Pods-Taggs.debug.xcconfig */ = {isa = PBXFileReference; includeInIndex = 1; lastKnownFileType = text.xcconfig; name = "Pods-Taggs.debug.xcconfig"; path = "Pods/Target Support Files/Pods-Taggs/Pods-Taggs.debug.xcconfig"; sourceTree = "<group>"; };
		E8D728FC63936D539E16ED66 /* Pods_Taggs.framework */ = {isa = PBXFileReference; explicitFileType = wrapper.framework; includeInIndex = 0; path = Pods_Taggs.framework; sourceTree = BUILT_PRODUCTS_DIR; };
/* End PBXFileReference section */

/* Begin PBXFrameworksBuildPhase section */
		180191101D94662E00188FFC /* Frameworks */ = {
			isa = PBXFrameworksBuildPhase;
			buildActionMask = 2147483647;
			files = (
				65BCE015EDEED125141979AB /* Pods_Taggs.framework in Frameworks */,
			);
			runOnlyForDeploymentPostprocessing = 0;
		};
/* End PBXFrameworksBuildPhase section */

/* Begin PBXGroup section */
		15EF1A491D96BC3C00442FB0 /* Transition Animators */ = {
			isa = PBXGroup;
			children = (
				15EF1A471D96BC3600442FB0 /* SlideRightTransitionAnimator.swift */,
				18B556741D96C72200879E93 /* PopTransitionAnimator.swift */,
				18B556761D96CA9C00879E93 /* SlideRightThenPopTransitionAnimator.swift */,
			);
			name = "Transition Animators";
			sourceTree = "<group>";
		};
		15F414571D97EE1100FE1883 /* Extensions */ = {
			isa = PBXGroup;
			children = (
				15F414581D97EE9000FE1883 /* DateExtension.swift */,
				15F414541D97EE0D00FE1883 /* UIColorExtension.swift */,
			);
			name = Extensions;
			sourceTree = "<group>";
		};
		15F4145C1D9829BA00FE1883 /* Signup */ = {
			isa = PBXGroup;
			children = (
				15F4145A1D9829A600FE1883 /* SignupEmailViewController.swift */,
				15F4145D1D982B9100FE1883 /* SignupPasswordViewController.swift */,
				15F4145F1D982CAF00FE1883 /* SignupProfileViewController.swift */,
			);
			name = Signup;
			sourceTree = "<group>";
		};
		15F414631D982FF700FE1883 /* Login */ = {
			isa = PBXGroup;
			children = (
				15F414611D982FE800FE1883 /* LoginEmailViewController.swift */,
				15F414641D98300B00FE1883 /* LoginPasswordViewController.swift */,
			);
			name = Login;
			sourceTree = "<group>";
		};
		1801910A1D94662E00188FFC = {
			isa = PBXGroup;
			children = (
				180191151D94662E00188FFC /* Taggs */,
				180191141D94662E00188FFC /* Products */,
				F6582832590C6A07560408BE /* Pods */,
				B655E7662EDCA0024D66C665 /* Frameworks */,
			);
			sourceTree = "<group>";
		};
		180191141D94662E00188FFC /* Products */ = {
			isa = PBXGroup;
			children = (
				180191131D94662E00188FFC /* Taggs.app */,
			);
			name = Products;
			sourceTree = "<group>";
		};
		180191151D94662E00188FFC /* Taggs */ = {
			isa = PBXGroup;
			children = (
				15F414571D97EE1100FE1883 /* Extensions */,
				180191161D94662E00188FFC /* AppDelegate.swift */,
				1801912F1D9468E400188FFC /* Home Screen */,
				180191341D9469D000188FFC /* Interest Screen */,
				18B5566F1D967A2100879E93 /* Comments Screen */,
				18B5567A1D96D19B00879E93 /* Discover Screen */,
				15F414631D982FF700FE1883 /* Login */,
				15F4145C1D9829BA00FE1883 /* Signup */,
				1801912C1D94672600188FFC /* Model */,
				15EF1A491D96BC3C00442FB0 /* Transition Animators */,
				1801911A1D94662E00188FFC /* Main.storyboard */,
				1801911D1D94662E00188FFC /* Assets.xcassets */,
				1801911F1D94662E00188FFC /* LaunchScreen.storyboard */,
				180191221D94662E00188FFC /* Info.plist */,
			);
			path = Taggs;
			sourceTree = "<group>";
		};
		1801912C1D94672600188FFC /* Model */ = {
			isa = PBXGroup;
			children = (
				1801912A1D94672000188FFC /* Interest.swift */,
				180191351D95A08800188FFC /* User.swift */,
				180191371D95A09E00188FFC /* Post.swift */,
				18B5566B1D9679CF00879E93 /* Comment.swift */,
				18B5567D1D97081200879E93 /* TestObject.swift */,
				18B5567F1D97B72C00879E93 /* Global.swift */,
			);
			name = Model;
			sourceTree = "<group>";
		};
		1801912F1D9468E400188FFC /* Home Screen */ = {
			isa = PBXGroup;
			children = (
				180191281D9466EC00188FFC /* HomeViewController.swift */,
				1801912D1D94680200188FFC /* InterestCollectionViewCell.swift */,
				18B556721D96A72300879E93 /* NewInterestViewController.swift */,
			);
			name = "Home Screen";
			sourceTree = "<group>";
		};
		180191341D9469D000188FFC /* Interest Screen */ = {
			isa = PBXGroup;
			children = (
				180191301D94694100188FFC /* InterestViewController.swift */,
				180191391D95A19D00188FFC /* PostTableViewCell.swift */,
				180191321D94697000188FFC /* InterestHeaderView.swift */,
				18B556691D95B5E000879E93 /* NewPostViewController.swift */,
			);
			name = "Interest Screen";
			sourceTree = "<group>";
		};
		18B5566F1D967A2100879E93 /* Comments Screen */ = {
			isa = PBXGroup;
			children = (
				18B5566D1D967A1800879E93 /* CommentsViewController.swift */,
				154326121D969769004E9D9C /* CommentTableViewCell.swift */,
				18B556701D96A2E300879E93 /* NewCommentViewController.swift */,
			);
			name = "Comments Screen";
			sourceTree = "<group>";
		};
		18B5567A1D96D19B00879E93 /* Discover Screen */ = {
			isa = PBXGroup;
			children = (
				15F414511D96DFE300FE1883 /* DiscoverViewController.swift */,
				15F4144F1D96DE2A00FE1883 /* DiscoverTableViewCell.swift */,
				18B556781D96D17800879E93 /* CardView.swift */,
				18B5567B1D96D37800879E93 /* InterestButton.swift */,
			);
			name = "Discover Screen";
			sourceTree = "<group>";
		};
		B655E7662EDCA0024D66C665 /* Frameworks */ = {
			isa = PBXGroup;
			children = (
				E8D728FC63936D539E16ED66 /* Pods_Taggs.framework */,
			);
			name = Frameworks;
			sourceTree = "<group>";
		};
		F6582832590C6A07560408BE /* Pods */ = {
			isa = PBXGroup;
			children = (
				9D269809F91F7C9B9B57C10D /* Pods-Taggs.debug.xcconfig */,
				59D76C75AC31268F86E3CCFD /* Pods-Taggs.release.xcconfig */,
			);
			name = Pods;
			sourceTree = "<group>";
		};
/* End PBXGroup section */

/* Begin PBXNativeTarget section */
		180191121D94662E00188FFC /* Taggs */ = {
			isa = PBXNativeTarget;
			buildConfigurationList = 180191251D94662E00188FFC /* Build configuration list for PBXNativeTarget "Taggs" */;
			buildPhases = (
				61AA269E557E00A8AFFAA4E0 /* [CP] Check Pods Manifest.lock */,
				1801910F1D94662E00188FFC /* Sources */,
				180191101D94662E00188FFC /* Frameworks */,
				180191111D94662E00188FFC /* Resources */,
				BF28B39A60BE2FDD361B250C /* [CP] Embed Pods Frameworks */,
				C4F8BBD60201A1DEC9611DF4 /* [CP] Copy Pods Resources */,
			);
			buildRules = (
			);
			dependencies = (
			);
			name = Taggs;
			productName = Taggs;
			productReference = 180191131D94662E00188FFC /* Taggs.app */;
			productType = "com.apple.product-type.application";
		};
/* End PBXNativeTarget section */

/* Begin PBXProject section */
		1801910B1D94662E00188FFC /* Project object */ = {
			isa = PBXProject;
			attributes = {
				LastSwiftUpdateCheck = 0800;
				LastUpgradeCheck = 0800;
				ORGANIZATIONNAME = "Anton Novoselov";
				TargetAttributes = {
					180191121D94662E00188FFC = {
						CreatedOnToolsVersion = 8.0;
						DevelopmentTeam = 358V8FBM3U;
						LastSwiftMigration = 0800;
						ProvisioningStyle = Automatic;
					};
				};
			};
			buildConfigurationList = 1801910E1D94662E00188FFC /* Build configuration list for PBXProject "Taggs" */;
			compatibilityVersion = "Xcode 3.2";
			developmentRegion = English;
			hasScannedForEncodings = 0;
			knownRegions = (
				en,
				Base,
			);
			mainGroup = 1801910A1D94662E00188FFC;
			productRefGroup = 180191141D94662E00188FFC /* Products */;
			projectDirPath = "";
			projectRoot = "";
			targets = (
				180191121D94662E00188FFC /* Taggs */,
			);
		};
/* End PBXProject section */

/* Begin PBXResourcesBuildPhase section */
		180191111D94662E00188FFC /* Resources */ = {
			isa = PBXResourcesBuildPhase;
			buildActionMask = 2147483647;
			files = (
				180191211D94662E00188FFC /* LaunchScreen.storyboard in Resources */,
				1801911E1D94662E00188FFC /* Assets.xcassets in Resources */,
				1801911C1D94662E00188FFC /* Main.storyboard in Resources */,
			);
			runOnlyForDeploymentPostprocessing = 0;
		};
/* End PBXResourcesBuildPhase section */

/* Begin PBXShellScriptBuildPhase section */
		61AA269E557E00A8AFFAA4E0 /* [CP] Check Pods Manifest.lock */ = {
			isa = PBXShellScriptBuildPhase;
			buildActionMask = 2147483647;
			files = (
			);
			inputPaths = (
			);
			name = "[CP] Check Pods Manifest.lock";
			outputPaths = (
			);
			runOnlyForDeploymentPostprocessing = 0;
			shellPath = /bin/sh;
			shellScript = "diff \"${PODS_ROOT}/../Podfile.lock\" \"${PODS_ROOT}/Manifest.lock\" > /dev/null\nif [[ $? != 0 ]] ; then\n    cat << EOM\nerror: The sandbox is not in sync with the Podfile.lock. Run 'pod install' or update your CocoaPods installation.\nEOM\n    exit 1\nfi\n";
			showEnvVarsInLog = 0;
		};
		BF28B39A60BE2FDD361B250C /* [CP] Embed Pods Frameworks */ = {
			isa = PBXShellScriptBuildPhase;
			buildActionMask = 2147483647;
			files = (
			);
			inputPaths = (
			);
			name = "[CP] Embed Pods Frameworks";
			outputPaths = (
			);
			runOnlyForDeploymentPostprocessing = 0;
			shellPath = /bin/sh;
			shellScript = "\"${SRCROOT}/Pods/Target Support Files/Pods-Taggs/Pods-Taggs-frameworks.sh\"\n";
			showEnvVarsInLog = 0;
		};
		C4F8BBD60201A1DEC9611DF4 /* [CP] Copy Pods Resources */ = {
			isa = PBXShellScriptBuildPhase;
			buildActionMask = 2147483647;
			files = (
			);
			inputPaths = (
			);
			name = "[CP] Copy Pods Resources";
			outputPaths = (
			);
			runOnlyForDeploymentPostprocessing = 0;
			shellPath = /bin/sh;
			shellScript = "\"${SRCROOT}/Pods/Target Support Files/Pods-Taggs/Pods-Taggs-resources.sh\"\n";
			showEnvVarsInLog = 0;
		};
/* End PBXShellScriptBuildPhase section */

/* Begin PBXSourcesBuildPhase section */
		1801910F1D94662E00188FFC /* Sources */ = {
			isa = PBXSourcesBuildPhase;
			buildActionMask = 2147483647;
			files = (
				1801912E1D94680200188FFC /* InterestCollectionViewCell.swift in Sources */,
				15F414651D98300B00FE1883 /* LoginPasswordViewController.swift in Sources */,
				18B556711D96A2E300879E93 /* NewCommentViewController.swift in Sources */,
				1801912B1D94672000188FFC /* Interest.swift in Sources */,
				15F4145B1D9829A600FE1883 /* SignupEmailViewController.swift in Sources */,
				180191311D94694100188FFC /* InterestViewController.swift in Sources */,
				180191381D95A09E00188FFC /* Post.swift in Sources */,
				15F414501D96DE2A00FE1883 /* DiscoverTableViewCell.swift in Sources */,
				18B5567C1D96D37800879E93 /* InterestButton.swift in Sources */,
				180191331D94697000188FFC /* InterestHeaderView.swift in Sources */,
				15F414621D982FE800FE1883 /* LoginEmailViewController.swift in Sources */,
				18B556801D97B72C00879E93 /* Global.swift in Sources */,
				18B556751D96C72200879E93 /* PopTransitionAnimator.swift in Sources */,
				18B556791D96D17800879E93 /* CardView.swift in Sources */,
				15F414601D982CAF00FE1883 /* SignupProfileViewController.swift in Sources */,
				180191171D94662E00188FFC /* AppDelegate.swift in Sources */,
				15F4145E1D982B9100FE1883 /* SignupPasswordViewController.swift in Sources */,
				180191291D9466EC00188FFC /* HomeViewController.swift in Sources */,
				180191361D95A08800188FFC /* User.swift in Sources */,
				154326131D969769004E9D9C /* CommentTableViewCell.swift in Sources */,
				15EF1A481D96BC3600442FB0 /* SlideRightTransitionAnimator.swift in Sources */,
				18B5566E1D967A1800879E93 /* CommentsViewController.swift in Sources */,
				1801913A1D95A19D00188FFC /* PostTableViewCell.swift in Sources */,
				15F414561D97EE0D00FE1883 /* UIColorExtension.swift in Sources */,
				18B5566C1D9679CF00879E93 /* Comment.swift in Sources */,
				18B556771D96CA9C00879E93 /* SlideRightThenPopTransitionAnimator.swift in Sources */,
				15F414591D97EE9000FE1883 /* DateExtension.swift in Sources */,
				15F414521D96DFE300FE1883 /* DiscoverViewController.swift in Sources */,
				18B5567E1D97081200879E93 /* TestObject.swift in Sources */,
				18B5566A1D95B5E000879E93 /* NewPostViewController.swift in Sources */,
				18B556731D96A72300879E93 /* NewInterestViewController.swift in Sources */,
			);
			runOnlyForDeploymentPostprocessing = 0;
		};
/* End PBXSourcesBuildPhase section */

/* Begin PBXVariantGroup section */
		1801911A1D94662E00188FFC /* Main.storyboard */ = {
			isa = PBXVariantGroup;
			children = (
				1801911B1D94662E00188FFC /* Base */,
			);
			name = Main.storyboard;
			sourceTree = "<group>";
		};
		1801911F1D94662E00188FFC /* LaunchScreen.storyboard */ = {
			isa = PBXVariantGroup;
			children = (
				180191201D94662E00188FFC /* Base */,
			);
			name = LaunchScreen.storyboard;
			sourceTree = "<group>";
		};
/* End PBXVariantGroup section */

/* Begin XCBuildConfiguration section */
		180191231D94662E00188FFC /* Debug */ = {
			isa = XCBuildConfiguration;
			buildSettings = {
				ALWAYS_SEARCH_USER_PATHS = NO;
				CLANG_ANALYZER_NONNULL = YES;
				CLANG_CXX_LANGUAGE_STANDARD = "gnu++0x";
				CLANG_CXX_LIBRARY = "libc++";
				CLANG_ENABLE_MODULES = YES;
				CLANG_ENABLE_OBJC_ARC = YES;
				CLANG_WARN_BOOL_CONVERSION = YES;
				CLANG_WARN_CONSTANT_CONVERSION = YES;
				CLANG_WARN_DIRECT_OBJC_ISA_USAGE = YES_ERROR;
				CLANG_WARN_DOCUMENTATION_COMMENTS = YES;
				CLANG_WARN_EMPTY_BODY = YES;
				CLANG_WARN_ENUM_CONVERSION = YES;
				CLANG_WARN_INFINITE_RECURSION = YES;
				CLANG_WARN_INT_CONVERSION = YES;
				CLANG_WARN_OBJC_ROOT_CLASS = YES_ERROR;
				CLANG_WARN_SUSPICIOUS_MOVES = YES;
				CLANG_WARN_UNREACHABLE_CODE = YES;
				CLANG_WARN__DUPLICATE_METHOD_MATCH = YES;
				"CODE_SIGN_IDENTITY[sdk=iphoneos*]" = "iPhone Developer";
				COPY_PHASE_STRIP = NO;
				DEBUG_INFORMATION_FORMAT = dwarf;
				ENABLE_STRICT_OBJC_MSGSEND = YES;
				ENABLE_TESTABILITY = YES;
				GCC_C_LANGUAGE_STANDARD = gnu99;
				GCC_DYNAMIC_NO_PIC = NO;
				GCC_NO_COMMON_BLOCKS = YES;
				GCC_OPTIMIZATION_LEVEL = 0;
				GCC_PREPROCESSOR_DEFINITIONS = (
					"DEBUG=1",
					"$(inherited)",
				);
				GCC_WARN_64_TO_32_BIT_CONVERSION = YES;
				GCC_WARN_ABOUT_RETURN_TYPE = YES_ERROR;
				GCC_WARN_UNDECLARED_SELECTOR = YES;
				GCC_WARN_UNINITIALIZED_AUTOS = YES_AGGRESSIVE;
				GCC_WARN_UNUSED_FUNCTION = YES;
				GCC_WARN_UNUSED_VARIABLE = YES;
				IPHONEOS_DEPLOYMENT_TARGET = 10.0;
				MTL_ENABLE_DEBUG_INFO = YES;
				ONLY_ACTIVE_ARCH = YES;
				SDKROOT = iphoneos;
				SWIFT_ACTIVE_COMPILATION_CONDITIONS = DEBUG;
				SWIFT_OPTIMIZATION_LEVEL = "-Onone";
				TARGETED_DEVICE_FAMILY = "1,2";
			};
			name = Debug;
		};
		180191241D94662E00188FFC /* Release */ = {
			isa = XCBuildConfiguration;
			buildSettings = {
				ALWAYS_SEARCH_USER_PATHS = NO;
				CLANG_ANALYZER_NONNULL = YES;
				CLANG_CXX_LANGUAGE_STANDARD = "gnu++0x";
				CLANG_CXX_LIBRARY = "libc++";
				CLANG_ENABLE_MODULES = YES;
				CLANG_ENABLE_OBJC_ARC = YES;
				CLANG_WARN_BOOL_CONVERSION = YES;
				CLANG_WARN_CONSTANT_CONVERSION = YES;
				CLANG_WARN_DIRECT_OBJC_ISA_USAGE = YES_ERROR;
				CLANG_WARN_DOCUMENTATION_COMMENTS = YES;
				CLANG_WARN_EMPTY_BODY = YES;
				CLANG_WARN_ENUM_CONVERSION = YES;
				CLANG_WARN_INFINITE_RECURSION = YES;
				CLANG_WARN_INT_CONVERSION = YES;
				CLANG_WARN_OBJC_ROOT_CLASS = YES_ERROR;
				CLANG_WARN_SUSPICIOUS_MOVES = YES;
				CLANG_WARN_UNREACHABLE_CODE = YES;
				CLANG_WARN__DUPLICATE_METHOD_MATCH = YES;
				"CODE_SIGN_IDENTITY[sdk=iphoneos*]" = "iPhone Developer";
				COPY_PHASE_STRIP = NO;
				DEBUG_INFORMATION_FORMAT = "dwarf-with-dsym";
				ENABLE_NS_ASSERTIONS = NO;
				ENABLE_STRICT_OBJC_MSGSEND = YES;
				GCC_C_LANGUAGE_STANDARD = gnu99;
				GCC_NO_COMMON_BLOCKS = YES;
				GCC_WARN_64_TO_32_BIT_CONVERSION = YES;
				GCC_WARN_ABOUT_RETURN_TYPE = YES_ERROR;
				GCC_WARN_UNDECLARED_SELECTOR = YES;
				GCC_WARN_UNINITIALIZED_AUTOS = YES_AGGRESSIVE;
				GCC_WARN_UNUSED_FUNCTION = YES;
				GCC_WARN_UNUSED_VARIABLE = YES;
				IPHONEOS_DEPLOYMENT_TARGET = 10.0;
				MTL_ENABLE_DEBUG_INFO = NO;
				SDKROOT = iphoneos;
				SWIFT_OPTIMIZATION_LEVEL = "-Owholemodule";
				TARGETED_DEVICE_FAMILY = "1,2";
				VALIDATE_PRODUCT = YES;
			};
			name = Release;
		};
		180191261D94662E00188FFC /* Debug */ = {
			isa = XCBuildConfiguration;
			baseConfigurationReference = 9D269809F91F7C9B9B57C10D /* Pods-Taggs.debug.xcconfig */;
			buildSettings = {
				ASSETCATALOG_COMPILER_APPICON_NAME = AppIcon;
				DEVELOPMENT_TEAM = 358V8FBM3U;
				INFOPLIST_FILE = Taggs/Info.plist;
				LD_RUNPATH_SEARCH_PATHS = "$(inherited) @executable_path/Frameworks";
				PRODUCT_BUNDLE_IDENTIFIER = com.antonnovoselov.Taggs;
				PRODUCT_NAME = "$(TARGET_NAME)";
				SWIFT_VERSION = 3.0;
			};
			name = Debug;
		};
		180191271D94662E00188FFC /* Release */ = {
			isa = XCBuildConfiguration;
			baseConfigurationReference = 59D76C75AC31268F86E3CCFD /* Pods-Taggs.release.xcconfig */;
			buildSettings = {
				ASSETCATALOG_COMPILER_APPICON_NAME = AppIcon;
				DEVELOPMENT_TEAM = 358V8FBM3U;
				INFOPLIST_FILE = Taggs/Info.plist;
				LD_RUNPATH_SEARCH_PATHS = "$(inherited) @executable_path/Frameworks";
				PRODUCT_BUNDLE_IDENTIFIER = com.antonnovoselov.Taggs;
				PRODUCT_NAME = "$(TARGET_NAME)";
				SWIFT_VERSION = 3.0;
			};
			name = Release;
		};
/* End XCBuildConfiguration section */

/* Begin XCConfigurationList section */
		1801910E1D94662E00188FFC /* Build configuration list for PBXProject "Taggs" */ = {
			isa = XCConfigurationList;
			buildConfigurations = (
				180191231D94662E00188FFC /* Debug */,
				180191241D94662E00188FFC /* Release */,
			);
			defaultConfigurationIsVisible = 0;
			defaultConfigurationName = Release;
		};
		180191251D94662E00188FFC /* Build configuration list for PBXNativeTarget "Taggs" */ = {
			isa = XCConfigurationList;
			buildConfigurations = (
				180191261D94662E00188FFC /* Debug */,
				180191271D94662E00188FFC /* Release */,
			);
			defaultConfigurationIsVisible = 0;
			defaultConfigurationName = Release;
		};
/* End XCConfigurationList section */
	};
	rootObject = 1801910B1D94662E00188FFC /* Project object */;
}
