// !$*UTF8*$!
{
	archiveVersion = 1;
	classes = {
	};
	objectVersion = 46;
	objects = {

/* Begin PBXBuildFile section */
		180191171D94662E00188FFC /* AppDelegate.swift in Sources */ = {isa = PBXBuildFile; fileRef = 180191161D94662E00188FFC /* AppDelegate.swift */; };
		1801911C1D94662E00188FFC /* Main.storyboard in Resources */ = {isa = PBXBuildFile; fileRef = 1801911A1D94662E00188FFC /* Main.storyboard */; };
		1801911E1D94662E00188FFC /* Assets.xcassets in Resources */ = {isa = PBXBuildFile; fileRef = 1801911D1D94662E00188FFC /* Assets.xcassets */; };
		180191211D94662E00188FFC /* LaunchScreen.storyboard in Resources */ = {isa = PBXBuildFile; fileRef = 1801911F1D94662E00188FFC /* LaunchScreen.storyboard */; };
		180191291D9466EC00188FFC /* HomeViewController.swift in Sources */ = {isa = PBXBuildFile; fileRef = 180191281D9466EC00188FFC /* HomeViewController.swift */; };
		1801912B1D94672000188FFC /* Interest.swift in Sources */ = {isa = PBXBuildFile; fileRef = 1801912A1D94672000188FFC /* Interest.swift */; };
		1801912E1D94680200188FFC /* InterestCollectionViewCell.swift in Sources */ = {isa = PBXBuildFile; fileRef = 1801912D1D94680200188FFC /* InterestCollectionViewCell.swift */; };
		180191311D94694100188FFC /* InterestViewController.swift in Sources */ = {isa = PBXBuildFile; fileRef = 180191301D94694100188FFC /* InterestViewController.swift */; };
		180191331D94697000188FFC /* InterestHeaderView.swift in Sources */ = {isa = PBXBuildFile; fileRef = 180191321D94697000188FFC /* InterestHeaderView.swift */; };
/* End PBXBuildFile section */

/* Begin PBXFileReference section */
		180191131D94662E00188FFC /* Taggs.app */ = {isa = PBXFileReference; explicitFileType = wrapper.application; includeInIndex = 0; path = Taggs.app; sourceTree = BUILT_PRODUCTS_DIR; };
		180191161D94662E00188FFC /* AppDelegate.swift */ = {isa = PBXFileReference; lastKnownFileType = sourcecode.swift; path = AppDelegate.swift; sourceTree = "<group>"; };
		1801911B1D94662E00188FFC /* Base */ = {isa = PBXFileReference; lastKnownFileType = file.storyboard; name = Base; path = Base.lproj/Main.storyboard; sourceTree = "<group>"; };
		1801911D1D94662E00188FFC /* Assets.xcassets */ = {isa = PBXFileReference; lastKnownFileType = folder.assetcatalog; path = Assets.xcassets; sourceTree = "<group>"; };
		180191201D94662E00188FFC /* Base */ = {isa = PBXFileReference; lastKnownFileType = file.storyboard; name = Base; path = Base.lproj/LaunchScreen.storyboard; sourceTree = "<group>"; };
		180191221D94662E00188FFC /* Info.plist */ = {isa = PBXFileReference; lastKnownFileType = text.plist.xml; path = Info.plist; sourceTree = "<group>"; };
		180191281D9466EC00188FFC /* HomeViewController.swift */ = {isa = PBXFileReference; fileEncoding = 4; lastKnownFileType = sourcecode.swift; path = HomeViewController.swift; sourceTree = "<group>"; };
		1801912A1D94672000188FFC /* Interest.swift */ = {isa = PBXFileReference; fileEncoding = 4; lastKnownFileType = sourcecode.swift; path = Interest.swift; sourceTree = "<group>"; };
		1801912D1D94680200188FFC /* InterestCollectionViewCell.swift */ = {isa = PBXFileReference; fileEncoding = 4; lastKnownFileType = sourcecode.swift; path = InterestCollectionViewCell.swift; sourceTree = "<group>"; };
		180191301D94694100188FFC /* InterestViewController.swift */ = {isa = PBXFileReference; fileEncoding = 4; lastKnownFileType = sourcecode.swift; path = InterestViewController.swift; sourceTree = "<group>"; };
		180191321D94697000188FFC /* InterestHeaderView.swift */ = {isa = PBXFileReference; fileEncoding = 4; lastKnownFileType = sourcecode.swift; path = InterestHeaderView.swift; sourceTree = "<group>"; };
/* End PBXFileReference section */

/* Begin PBXFrameworksBuildPhase section */
		180191101D94662E00188FFC /* Frameworks */ = {
			isa = PBXFrameworksBuildPhase;
			buildActionMask = 2147483647;
			files = (
			);
			runOnlyForDeploymentPostprocessing = 0;
		};
/* End PBXFrameworksBuildPhase section */

/* Begin PBXGroup section */
		1801910A1D94662E00188FFC = {
			isa = PBXGroup;
			children = (
				180191151D94662E00188FFC /* Taggs */,
				180191141D94662E00188FFC /* Products */,
			);
			sourceTree = "<group>";
		};
		180191141D94662E00188FFC /* Products */ = {
			isa = PBXGroup;
			children = (
				180191131D94662E00188FFC /* Taggs.app */,
			);
			name = Products;
			sourceTree = "<group>";
		};
		180191151D94662E00188FFC /* Taggs */ = {
			isa = PBXGroup;
			children = (
				180191161D94662E00188FFC /* AppDelegate.swift */,
				1801912F1D9468E400188FFC /* Home Screen */,
				180191341D9469D000188FFC /* Interest Screen */,
				1801912C1D94672600188FFC /* Model */,
				1801911A1D94662E00188FFC /* Main.storyboard */,
				1801911D1D94662E00188FFC /* Assets.xcassets */,
				1801911F1D94662E00188FFC /* LaunchScreen.storyboard */,
				180191221D94662E00188FFC /* Info.plist */,
			);
			path = Taggs;
			sourceTree = "<group>";
		};
		1801912C1D94672600188FFC /* Model */ = {
			isa = PBXGroup;
			children = (
				1801912A1D94672000188FFC /* Interest.swift */,
			);
			name = Model;
			sourceTree = "<group>";
		};
		1801912F1D9468E400188FFC /* Home Screen */ = {
			isa = PBXGroup;
			children = (
				180191281D9466EC00188FFC /* HomeViewController.swift */,
				1801912D1D94680200188FFC /* InterestCollectionViewCell.swift */,
			);
			name = "Home Screen";
			sourceTree = "<group>";
		};
		180191341D9469D000188FFC /* Interest Screen */ = {
			isa = PBXGroup;
			children = (
				180191301D94694100188FFC /* InterestViewController.swift */,
				180191321D94697000188FFC /* InterestHeaderView.swift */,
			);
			name = "Interest Screen";
			sourceTree = "<group>";
		};
/* End PBXGroup section */

/* Begin PBXNativeTarget section */
		180191121D94662E00188FFC /* Taggs */ = {
			isa = PBXNativeTarget;
			buildConfigurationList = 180191251D94662E00188FFC /* Build configuration list for PBXNativeTarget "Taggs" */;
			buildPhases = (
				1801910F1D94662E00188FFC /* Sources */,
				180191101D94662E00188FFC /* Frameworks */,
				180191111D94662E00188FFC /* Resources */,
			);
			buildRules = (
			);
			dependencies = (
			);
			name = Taggs;
			productName = Taggs;
			productReference = 180191131D94662E00188FFC /* Taggs.app */;
			productType = "com.apple.product-type.application";
		};
/* End PBXNativeTarget section */

/* Begin PBXProject section */
		1801910B1D94662E00188FFC /* Project object */ = {
			isa = PBXProject;
			attributes = {
				LastSwiftUpdateCheck = 0800;
				LastUpgradeCheck = 0800;
				ORGANIZATIONNAME = "Anton Novoselov";
				TargetAttributes = {
					180191121D94662E00188FFC = {
						CreatedOnToolsVersion = 8.0;
						DevelopmentTeam = 358V8FBM3U;
						ProvisioningStyle = Automatic;
					};
				};
			};
			buildConfigurationList = 1801910E1D94662E00188FFC /* Build configuration list for PBXProject "Taggs" */;
			compatibilityVersion = "Xcode 3.2";
			developmentRegion = English;
			hasScannedForEncodings = 0;
			knownRegions = (
				en,
				Base,
			);
			mainGroup = 1801910A1D94662E00188FFC;
			productRefGroup = 180191141D94662E00188FFC /* Products */;
			projectDirPath = "";
			projectRoot = "";
			targets = (
				180191121D94662E00188FFC /* Taggs */,
			);
		};
/* End PBXProject section */

/* Begin PBXResourcesBuildPhase section */
		180191111D94662E00188FFC /* Resources */ = {
			isa = PBXResourcesBuildPhase;
			buildActionMask = 2147483647;
			files = (
				180191211D94662E00188FFC /* LaunchScreen.storyboard in Resources */,
				1801911E1D94662E00188FFC /* Assets.xcassets in Resources */,
				1801911C1D94662E00188FFC /* Main.storyboard in Resources */,
			);
			runOnlyForDeploymentPostprocessing = 0;
		};
/* End PBXResourcesBuildPhase section */

/* Begin PBXSourcesBuildPhase section */
		1801910F1D94662E00188FFC /* Sources */ = {
			isa = PBXSourcesBuildPhase;
			buildActionMask = 2147483647;
			files = (
				1801912E1D94680200188FFC /* InterestCollectionViewCell.swift in Sources */,
				1801912B1D94672000188FFC /* Interest.swift in Sources */,
				180191311D94694100188FFC /* InterestViewController.swift in Sources */,
				180191331D94697000188FFC /* InterestHeaderView.swift in Sources */,
				180191171D94662E00188FFC /* AppDelegate.swift in Sources */,
				180191291D9466EC00188FFC /* HomeViewController.swift in Sources */,
			);
			runOnlyForDeploymentPostprocessing = 0;
		};
/* End PBXSourcesBuildPhase section */

/* Begin PBXVariantGroup section */
		1801911A1D94662E00188FFC /* Main.storyboard */ = {
			isa = PBXVariantGroup;
			children = (
				1801911B1D94662E00188FFC /* Base */,
			);
			name = Main.storyboard;
			sourceTree = "<group>";
		};
		1801911F1D94662E00188FFC /* LaunchScreen.storyboard */ = {
			isa = PBXVariantGroup;
			children = (
				180191201D94662E00188FFC /* Base */,
			);
			name = LaunchScreen.storyboard;
			sourceTree = "<group>";
		};
/* End PBXVariantGroup section */

/* Begin XCBuildConfiguration section */
		180191231D94662E00188FFC /* Debug */ = {
			isa = XCBuildConfiguration;
			buildSettings = {
				ALWAYS_SEARCH_USER_PATHS = NO;
				CLANG_ANALYZER_NONNULL = YES;
				CLANG_CXX_LANGUAGE_STANDARD = "gnu++0x";
				CLANG_CXX_LIBRARY = "libc++";
				CLANG_ENABLE_MODULES = YES;
				CLANG_ENABLE_OBJC_ARC = YES;
				CLANG_WARN_BOOL_CONVERSION = YES;
				CLANG_WARN_CONSTANT_CONVERSION = YES;
				CLANG_WARN_DIRECT_OBJC_ISA_USAGE = YES_ERROR;
				CLANG_WARN_DOCUMENTATION_COMMENTS = YES;
				CLANG_WARN_EMPTY_BODY = YES;
				CLANG_WARN_ENUM_CONVERSION = YES;
				CLANG_WARN_INFINITE_RECURSION = YES;
				CLANG_WARN_INT_CONVERSION = YES;
				CLANG_WARN_OBJC_ROOT_CLASS = YES_ERROR;
				CLANG_WARN_SUSPICIOUS_MOVES = YES;
				CLANG_WARN_UNREACHABLE_CODE = YES;
				CLANG_WARN__DUPLICATE_METHOD_MATCH = YES;
				"CODE_SIGN_IDENTITY[sdk=iphoneos*]" = "iPhone Developer";
				COPY_PHASE_STRIP = NO;
				DEBUG_INFORMATION_FORMAT = dwarf;
				ENABLE_STRICT_OBJC_MSGSEND = YES;
				ENABLE_TESTABILITY = YES;
				GCC_C_LANGUAGE_STANDARD = gnu99;
				GCC_DYNAMIC_NO_PIC = NO;
				GCC_NO_COMMON_BLOCKS = YES;
				GCC_OPTIMIZATION_LEVEL = 0;
				GCC_PREPROCESSOR_DEFINITIONS = (
					"DEBUG=1",
					"$(inherited)",
				);
				GCC_WARN_64_TO_32_BIT_CONVERSION = YES;
				GCC_WARN_ABOUT_RETURN_TYPE = YES_ERROR;
				GCC_WARN_UNDECLARED_SELECTOR = YES;
				GCC_WARN_UNINITIALIZED_AUTOS = YES_AGGRESSIVE;
				GCC_WARN_UNUSED_FUNCTION = YES;
				GCC_WARN_UNUSED_VARIABLE = YES;
				IPHONEOS_DEPLOYMENT_TARGET = 10.0;
				MTL_ENABLE_DEBUG_INFO = YES;
				ONLY_ACTIVE_ARCH = YES;
				SDKROOT = iphoneos;
				SWIFT_ACTIVE_COMPILATION_CONDITIONS = DEBUG;
				SWIFT_OPTIMIZATION_LEVEL = "-Onone";
				TARGETED_DEVICE_FAMILY = "1,2";
			};
			name = Debug;
		};
		180191241D94662E00188FFC /* Release */ = {
			isa = XCBuildConfiguration;
			buildSettings = {
				ALWAYS_SEARCH_USER_PATHS = NO;
				CLANG_ANALYZER_NONNULL = YES;
				CLANG_CXX_LANGUAGE_STANDARD = "gnu++0x";
				CLANG_CXX_LIBRARY = "libc++";
				CLANG_ENABLE_MODULES = YES;
				CLANG_ENABLE_OBJC_ARC = YES;
				CLANG_WARN_BOOL_CONVERSION = YES;
				CLANG_WARN_CONSTANT_CONVERSION = YES;
				CLANG_WARN_DIRECT_OBJC_ISA_USAGE = YES_ERROR;
				CLANG_WARN_DOCUMENTATION_COMMENTS = YES;
				CLANG_WARN_EMPTY_BODY = YES;
				CLANG_WARN_ENUM_CONVERSION = YES;
				CLANG_WARN_INFINITE_RECURSION = YES;
				CLANG_WARN_INT_CONVERSION = YES;
				CLANG_WARN_OBJC_ROOT_CLASS = YES_ERROR;
				CLANG_WARN_SUSPICIOUS_MOVES = YES;
				CLANG_WARN_UNREACHABLE_CODE = YES;
				CLANG_WARN__DUPLICATE_METHOD_MATCH = YES;
				"CODE_SIGN_IDENTITY[sdk=iphoneos*]" = "iPhone Developer";
				COPY_PHASE_STRIP = NO;
				DEBUG_INFORMATION_FORMAT = "dwarf-with-dsym";
				ENABLE_NS_ASSERTIONS = NO;
				ENABLE_STRICT_OBJC_MSGSEND = YES;
				GCC_C_LANGUAGE_STANDARD = gnu99;
				GCC_NO_COMMON_BLOCKS = YES;
				GCC_WARN_64_TO_32_BIT_CONVERSION = YES;
				GCC_WARN_ABOUT_RETURN_TYPE = YES_ERROR;
				GCC_WARN_UNDECLARED_SELECTOR = YES;
				GCC_WARN_UNINITIALIZED_AUTOS = YES_AGGRESSIVE;
				GCC_WARN_UNUSED_FUNCTION = YES;
				GCC_WARN_UNUSED_VARIABLE = YES;
				IPHONEOS_DEPLOYMENT_TARGET = 10.0;
				MTL_ENABLE_DEBUG_INFO = NO;
				SDKROOT = iphoneos;
				SWIFT_OPTIMIZATION_LEVEL = "-Owholemodule";
				TARGETED_DEVICE_FAMILY = "1,2";
				VALIDATE_PRODUCT = YES;
			};
			name = Release;
		};
		180191261D94662E00188FFC /* Debug */ = {
			isa = XCBuildConfiguration;
			buildSettings = {
				ASSETCATALOG_COMPILER_APPICON_NAME = AppIcon;
				DEVELOPMENT_TEAM = 358V8FBM3U;
				INFOPLIST_FILE = Taggs/Info.plist;
				LD_RUNPATH_SEARCH_PATHS = "$(inherited) @executable_path/Frameworks";
				PRODUCT_BUNDLE_IDENTIFIER = com.antonnovoselov.Taggs;
				PRODUCT_NAME = "$(TARGET_NAME)";
				SWIFT_VERSION = 3.0;
			};
			name = Debug;
		};
		180191271D94662E00188FFC /* Release */ = {
			isa = XCBuildConfiguration;
			buildSettings = {
				ASSETCATALOG_COMPILER_APPICON_NAME = AppIcon;
				DEVELOPMENT_TEAM = 358V8FBM3U;
				INFOPLIST_FILE = Taggs/Info.plist;
				LD_RUNPATH_SEARCH_PATHS = "$(inherited) @executable_path/Frameworks";
				PRODUCT_BUNDLE_IDENTIFIER = com.antonnovoselov.Taggs;
				PRODUCT_NAME = "$(TARGET_NAME)";
				SWIFT_VERSION = 3.0;
			};
			name = Release;
		};
/* End XCBuildConfiguration section */

/* Begin XCConfigurationList section */
		1801910E1D94662E00188FFC /* Build configuration list for PBXProject "Taggs" */ = {
			isa = XCConfigurationList;
			buildConfigurations = (
				180191231D94662E00188FFC /* Debug */,
				180191241D94662E00188FFC /* Release */,
			);
			defaultConfigurationIsVisible = 0;
			defaultConfigurationName = Release;
		};
		180191251D94662E00188FFC /* Build configuration list for PBXNativeTarget "Taggs" */ = {
			isa = XCConfigurationList;
			buildConfigurations = (
				180191261D94662E00188FFC /* Debug */,
				180191271D94662E00188FFC /* Release */,
			);
			defaultConfigurationIsVisible = 0;
		};
/* End XCConfigurationList section */
	};
	rootObject = 1801910B1D94662E00188FFC /* Project object */;
}
